apiVersion: sourceplane.io/v1alpha1
kind: CompositionLock
sources:
    - name: stack-tectonic-flare
      kind: dir
      path: ./stacks/stack-tectonic-flare
      resolvedDigest: sha256:ec7dbcc14fbd39cf9d5bc96fa45d77dbb6f0564cda86a6cc0afb5de75b6d4232
      exports:
        - cloudflare-pages
        - cloudflare-pages-terraform
        - cloudflare-pages-turbo
        - cloudflare-pages-turbo-terraform
        - cloudflare-worker
        - cloudflare-worker-turbo
        - publish-stack
        - terraform
        - turbo-package
