apiVersion: sourceplane.io/v1alpha1
kind: CompositionLock
sources:
    - name: stack-tectonic-flare
      kind: dir
      path: ./stacks/stack-tectonic-flare
      resolvedDigest: sha256:cca6eff472998569a049bd2dc47455ab97faf7b5c0497ee3f12755db2dd725c2
      exports:
        - cloudflare-pages
        - cloudflare-pages-terraform
        - cloudflare-pages-turbo
        - cloudflare-pages-turbo-terraform
        - cloudflare-worker
        - cloudflare-worker-turbo
        - publish-stack
        - terraform
        - turbo-package
